
Microsoft Visual Studio Solution File, Format Version 12.00
Project("{FAE04EC0-301F-11D3-BF4B-00C04F79EFBC}") = "ServiceDeskDashboardApi", "ServiceDeskDashboardApi\ServiceDeskDashboardApi.csproj", "{D52730FC-A561-454D-8789-ED45F8D20DD0}"
EndProject
Global
	GlobalSection(SolutionConfigurationPlatforms) = preSolution
		Debug|Any CPU = Debug|Any CPU
		Release|Any CPU = Release|Any CPU
	EndGlobalSection
	GlobalSection(ProjectConfigurationPlatforms) = postSolution
		{D52730FC-A561-454D-8789-ED45F8D20DD0}.Debug|Any CPU.ActiveCfg = Debug|Any CPU
		{D52730FC-A561-454D-8789-ED45F8D20DD0}.Debug|Any CPU.Build.0 = Debug|Any CPU
		{D52730FC-A561-454D-8789-ED45F8D20DD0}.Release|Any CPU.ActiveCfg = Release|Any CPU
		{D52730FC-A561-454D-8789-ED45F8D20DD0}.Release|Any CPU.Build.0 = Release|Any CPU
	EndGlobalSection
EndGlobal
